# Generated by pub
# See https://dart.dev/tools/pub/glossary#lockfile
packages:
  pedantic:
    dependency: "direct dev"
    description:
      name: pedantic
      sha256: "67fc27ed9639506c856c840ccce7594d0bdcd91bc8d53d6e52359449a1d50602"
      url: "https://pub.dev"
    source: hosted
    version: "1.11.1"
sdks:
  dart: ">=3.2.6 <4.0.0"
